
Microsoft Visual Studio Solution File, Format Version 12.00
# Visual Studio Version 16
VisualStudioVersion = 16.0.28917.182
MinimumVisualStudioVersion = 10.0.40219.1
Project("{9A19103F-16F7-4668-BE54-9A1E7A4F7556}") = "SimpleWebServer", "SimpleWebServer\SimpleWebServer.csproj", "{7314AEE0-3776-4D71-951B-7A2A2F5274EA}"
EndProject
Project("{FAE04EC0-301F-11D3-BF4B-00C04F79EFBC}") = "Form-Get", "Form-Get\Form-Get.csproj", "{CFD55A72-3CEB-4E6C-A979-1E8BDAA71FF4}"
EndProject
Project("{FAE04EC0-301F-11D3-BF4B-00C04F79EFBC}") = "Form-Post", "Form-Post\Form-Post.csproj", "{D651443B-670E-45C1-AFA3-4969264B1BCB}"
EndProject
Global
	GlobalSection(SolutionConfigurationPlatforms) = preSolution
		Debug|Any CPU = Debug|Any CPU
		Release|Any CPU = Release|Any CPU
	EndGlobalSection
	GlobalSection(ProjectConfigurationPlatforms) = postSolution
		{7314AEE0-3776-4D71-951B-7A2A2F5274EA}.Debug|Any CPU.ActiveCfg = Debug|Any CPU
		{7314AEE0-3776-4D71-951B-7A2A2F5274EA}.Debug|Any CPU.Build.0 = Debug|Any CPU
		{7314AEE0-3776-4D71-951B-7A2A2F5274EA}.Release|Any CPU.ActiveCfg = Release|Any CPU
		{7314AEE0-3776-4D71-951B-7A2A2F5274EA}.Release|Any CPU.Build.0 = Release|Any CPU
		{CFD55A72-3CEB-4E6C-A979-1E8BDAA71FF4}.Debug|Any CPU.ActiveCfg = Debug|Any CPU
		{CFD55A72-3CEB-4E6C-A979-1E8BDAA71FF4}.Debug|Any CPU.Build.0 = Debug|Any CPU
		{CFD55A72-3CEB-4E6C-A979-1E8BDAA71FF4}.Release|Any CPU.ActiveCfg = Release|Any CPU
		{CFD55A72-3CEB-4E6C-A979-1E8BDAA71FF4}.Release|Any CPU.Build.0 = Release|Any CPU
		{D651443B-670E-45C1-AFA3-4969264B1BCB}.Debug|Any CPU.ActiveCfg = Debug|Any CPU
		{D651443B-670E-45C1-AFA3-4969264B1BCB}.Debug|Any CPU.Build.0 = Debug|Any CPU
		{D651443B-670E-45C1-AFA3-4969264B1BCB}.Release|Any CPU.ActiveCfg = Release|Any CPU
		{D651443B-670E-45C1-AFA3-4969264B1BCB}.Release|Any CPU.Build.0 = Release|Any CPU
	EndGlobalSection
	GlobalSection(SolutionProperties) = preSolution
		HideSolutionNode = FALSE
	EndGlobalSection
	GlobalSection(ExtensibilityGlobals) = postSolution
		SolutionGuid = {1EB095EA-72F7-4272-9DED-1898AA400DA5}
	EndGlobalSection
EndGlobal
