
Microsoft Visual Studio Solution File, Format Version 12.00
# Visual Studio Version 16
VisualStudioVersion = 16.0.28917.182
MinimumVisualStudioVersion = 10.0.40219.1
Project("{9A19103F-16F7-4668-BE54-9A1E7A4F7556}") = "Priority", "Priority\Priority.csproj", "{5BB00101-041E-426A-A2F6-A0713AE30C90}"
EndProject
Project("{9A19103F-16F7-4668-BE54-9A1E7A4F7556}") = "Join", "Join\Join.csproj", "{B37CF5F1-B3FD-478B-ADE7-3A06B5A2245F}"
EndProject
Project("{9A19103F-16F7-4668-BE54-9A1E7A4F7556}") = "RaceCondition", "RaceCondition\RaceCondition.csproj", "{C152E567-A627-44B2-B9D3-68189B007B6D}"
EndProject
Project("{9A19103F-16F7-4668-BE54-9A1E7A4F7556}") = "Lock", "Lock\Lock.csproj", "{5367F4B9-3E21-42DA-8010-D249A0F3772B}"
EndProject
Project("{FAE04EC0-301F-11D3-BF4B-00C04F79EFBC}") = "ExceptionHandling", "ExceptionHandling\ExceptionHandling.csproj", "{2B3617F1-E27F-4C07-AEF1-FB8F08B495C1}"
EndProject
Global
	GlobalSection(SolutionConfigurationPlatforms) = preSolution
		Debug|Any CPU = Debug|Any CPU
		Release|Any CPU = Release|Any CPU
	EndGlobalSection
	GlobalSection(ProjectConfigurationPlatforms) = postSolution
		{5BB00101-041E-426A-A2F6-A0713AE30C90}.Debug|Any CPU.ActiveCfg = Debug|Any CPU
		{5BB00101-041E-426A-A2F6-A0713AE30C90}.Debug|Any CPU.Build.0 = Debug|Any CPU
		{5BB00101-041E-426A-A2F6-A0713AE30C90}.Release|Any CPU.ActiveCfg = Release|Any CPU
		{5BB00101-041E-426A-A2F6-A0713AE30C90}.Release|Any CPU.Build.0 = Release|Any CPU
		{B37CF5F1-B3FD-478B-ADE7-3A06B5A2245F}.Debug|Any CPU.ActiveCfg = Debug|Any CPU
		{B37CF5F1-B3FD-478B-ADE7-3A06B5A2245F}.Debug|Any CPU.Build.0 = Debug|Any CPU
		{B37CF5F1-B3FD-478B-ADE7-3A06B5A2245F}.Release|Any CPU.ActiveCfg = Release|Any CPU
		{B37CF5F1-B3FD-478B-ADE7-3A06B5A2245F}.Release|Any CPU.Build.0 = Release|Any CPU
		{C152E567-A627-44B2-B9D3-68189B007B6D}.Debug|Any CPU.ActiveCfg = Debug|Any CPU
		{C152E567-A627-44B2-B9D3-68189B007B6D}.Debug|Any CPU.Build.0 = Debug|Any CPU
		{C152E567-A627-44B2-B9D3-68189B007B6D}.Release|Any CPU.ActiveCfg = Release|Any CPU
		{C152E567-A627-44B2-B9D3-68189B007B6D}.Release|Any CPU.Build.0 = Release|Any CPU
		{5367F4B9-3E21-42DA-8010-D249A0F3772B}.Debug|Any CPU.ActiveCfg = Debug|Any CPU
		{5367F4B9-3E21-42DA-8010-D249A0F3772B}.Debug|Any CPU.Build.0 = Debug|Any CPU
		{5367F4B9-3E21-42DA-8010-D249A0F3772B}.Release|Any CPU.ActiveCfg = Release|Any CPU
		{5367F4B9-3E21-42DA-8010-D249A0F3772B}.Release|Any CPU.Build.0 = Release|Any CPU
		{2B3617F1-E27F-4C07-AEF1-FB8F08B495C1}.Debug|Any CPU.ActiveCfg = Debug|Any CPU
		{2B3617F1-E27F-4C07-AEF1-FB8F08B495C1}.Debug|Any CPU.Build.0 = Debug|Any CPU
		{2B3617F1-E27F-4C07-AEF1-FB8F08B495C1}.Release|Any CPU.ActiveCfg = Release|Any CPU
		{2B3617F1-E27F-4C07-AEF1-FB8F08B495C1}.Release|Any CPU.Build.0 = Release|Any CPU
	EndGlobalSection
	GlobalSection(SolutionProperties) = preSolution
		HideSolutionNode = FALSE
	EndGlobalSection
	GlobalSection(ExtensibilityGlobals) = postSolution
		SolutionGuid = {7EC3448C-CE4F-4C64-9A28-4392FE522E8B}
	EndGlobalSection
EndGlobal
